
Microsoft Visual Studio Solution File, Format Version 12.00
# Visual Studio 15
VisualStudioVersion = 15.0.27703.2042
MinimumVisualStudioVersion = 10.0.40219.1
Project("{8BC9CEB8-8B4A-11D0-8D11-00A0C91BC942}") = "MyFavoriteThings-ReadWrite", "MyFavoriteThings-ReadWrite.vcxproj", "{2446568D-2EF7-4433-8416-3F2633E624C5}"
EndProject
Global
	GlobalSection(SolutionConfigurationPlatforms) = preSolution
		Debug|x64 = Debug|x64
		Debug|x86 = Debug|x86
		Release|x64 = Release|x64
		Release|x86 = Release|x86
	EndGlobalSection
	GlobalSection(ProjectConfigurationPlatforms) = postSolution
		{2446568D-2EF7-4433-8416-3F2633E624C5}.Debug|x64.ActiveCfg = Debug|x64
		{2446568D-2EF7-4433-8416-3F2633E624C5}.Debug|x64.Build.0 = Debug|x64
		{2446568D-2EF7-4433-8416-3F2633E624C5}.Debug|x86.ActiveCfg = Debug|Win32
		{2446568D-2EF7-4433-8416-3F2633E624C5}.Debug|x86.Build.0 = Debug|Win32
		{2446568D-2EF7-4433-8416-3F2633E624C5}.Release|x64.ActiveCfg = Release|x64
		{2446568D-2EF7-4433-8416-3F2633E624C5}.Release|x64.Build.0 = Release|x64
		{2446568D-2EF7-4433-8416-3F2633E624C5}.Release|x86.ActiveCfg = Release|Win32
		{2446568D-2EF7-4433-8416-3F2633E624C5}.Release|x86.Build.0 = Release|Win32
	EndGlobalSection
	GlobalSection(SolutionProperties) = preSolution
		HideSolutionNode = FALSE
	EndGlobalSection
	GlobalSection(ExtensibilityGlobals) = postSolution
		SolutionGuid = {5C20515D-F447-46A4-A1CD-8C55D8796807}
	EndGlobalSection
EndGlobal
